{
  "name": "online-collaborative-compiler",
  "lockfileVersion": 3,
  "requires": true,
  "packages": {
    "": {
      "dependencies": {
        "@huggingface/inference": "^3.5.2",
        "dotenv": "^16.4.7"
      }
    },
    "node_modules/@huggingface/inference": {
      "version": "3.5.2",
      "resolved": "https://registry.npmjs.org/@huggingface/inference/-/inference-3.5.2.tgz",
      "integrity": "sha512-MIB1iZTtTBclIFmRL2fbkoxZTuMjziezx87nUzzsPwCX96c+ciilWV+QQZOjOmBlx1ZrfSuJbhwZ1pylSENZnQ==",
      "license": "MIT",
      "dependencies": {
        "@huggingface/tasks": "^0.17.4"
      },
      "engines": {
        "node": ">=18"
      }
    },
    "node_modules/@huggingface/tasks": {
      "version": "0.17.4",
      "resolved": "https://registry.npmjs.org/@huggingface/tasks/-/tasks-0.17.4.tgz",
      "integrity": "sha512-LES7+OosthFKdqRL0e+bA2d4jfKmiQWuqahsPrv0+EsSZtdHdaZ3nje0f2g5wq4miHX4xWpBLuWJknjdnBwXsA==",
      "license": "MIT"
    },
    "node_modules/dotenv": {
      "version": "16.4.7",
      "resolved": "https://registry.npmjs.org/dotenv/-/dotenv-16.4.7.tgz",
      "integrity": "sha512-47qPchRCykZC03FhkYAhrvwU4xDBFIj1QPqaarj6mdM/hgUzfPHcpkHJOn3mJAufFeeAxAzeGsr5X0M4k6fLZQ==",
      "license": "BSD-2-Clause",
      "engines": {
        "node": ">=12"
      },
      "funding": {
        "url": "https://dotenvx.com"
      }
    }
  }
}
